
Microsoft Visual Studio Solution File, Format Version 12.00
# Visual Studio Version 17
VisualStudioVersion = 17.0.31912.275
MinimumVisualStudioVersion = 10.0.40219.1
Project("{FAE04EC0-301F-11D3-BF4B-00C04F79EFBC}") = "SruDuList", "SruDuList\SruDuList.csproj", "{BDFEF0CC-80F3-44F9-9287-27976C44A511}"
EndProject
Global
	GlobalSection(SolutionConfigurationPlatforms) = preSolution
		Debug|Any CPU = Debug|Any CPU
		Release|Any CPU = Release|Any CPU
	EndGlobalSection
	GlobalSection(ProjectConfigurationPlatforms) = postSolution
		{BDFEF0CC-80F3-44F9-9287-27976C44A511}.Debug|Any CPU.ActiveCfg = Debug|Any CPU
		{BDFEF0CC-80F3-44F9-9287-27976C44A511}.Debug|Any CPU.Build.0 = Debug|Any CPU
		{BDFEF0CC-80F3-44F9-9287-27976C44A511}.Release|Any CPU.ActiveCfg = Release|Any CPU
		{BDFEF0CC-80F3-44F9-9287-27976C44A511}.Release|Any CPU.Build.0 = Release|Any CPU
	EndGlobalSection
	GlobalSection(SolutionProperties) = preSolution
		HideSolutionNode = FALSE
	EndGlobalSection
	GlobalSection(ExtensibilityGlobals) = postSolution
		SolutionGuid = {7A72CB98-DCCE-498B-989C-5B4F52066ED3}
	EndGlobalSection
EndGlobal
